
Microsoft Visual Studio Solution File, Format Version 10.00
# Visual Studio 2008
Project("{8BC9CEB8-8B4A-11D0-8D11-00A0C91BC942}") = "glmaze", "glmaze.vcproj", "{8E9809F5-5966-4FA7-8387-240C1738B96F}"
EndProject
Global
	GlobalSection(SolutionConfigurationPlatforms) = preSolution
		Debug|Win32 = Debug|Win32
		Release|Win32 = Release|Win32
	EndGlobalSection
	GlobalSection(ProjectConfigurationPlatforms) = postSolution
		{8E9809F5-5966-4FA7-8387-240C1738B96F}.Debug|Win32.ActiveCfg = Debug|Win32
		{8E9809F5-5966-4FA7-8387-240C1738B96F}.Debug|Win32.Build.0 = Debug|Win32
		{8E9809F5-5966-4FA7-8387-240C1738B96F}.Release|Win32.ActiveCfg = Release|Win32
		{8E9809F5-5966-4FA7-8387-240C1738B96F}.Release|Win32.Build.0 = Release|Win32
	EndGlobalSection
	GlobalSection(SolutionProperties) = preSolution
		HideSolutionNode = FALSE
	EndGlobalSection
EndGlobal
